
Microsoft Visual Studio Solution File, Format Version 12.00
# Visual Studio Version 16
VisualStudioVersion = 16.0.29613.14
MinimumVisualStudioVersion = 10.0.40219.1
Project("{8BC9CEB8-8B4A-11D0-8D11-00A0C91BC942}") = "Falcor", "..\falcor\Framework\Source\Falcor.vcxproj", "{3B602F0E-3834-4F73-B97D-7DFC91597A98}"
EndProject
Project("{8BC9CEB8-8B4A-11D0-8D11-00A0C91BC942}") = "FalcorSharedObjects", "..\falcor\Framework\FalcorSharedObjects\FalcorSharedObjects.vcxproj", "{2C535635-E4C5-4098-A928-574F0E7CD5F9}"
EndProject
Project("{8BC9CEB8-8B4A-11D0-8D11-00A0C91BC942}") = "falcor_ltsh", "falcor_ltsh.vcxproj", "{3BF0E1D8-E647-49F5-BA52-C1561E0B8CAC}"
EndProject
Global
	GlobalSection(SolutionConfigurationPlatforms) = preSolution
		Debug|x64 = Debug|x64
		Debug|x86 = Debug|x86
		DebugD3D12|x64 = DebugD3D12|x64
		DebugD3D12|x86 = DebugD3D12|x86
		DebugVK|x64 = DebugVK|x64
		DebugVK|x86 = DebugVK|x86
		Release|x64 = Release|x64
		Release|x86 = Release|x86
		ReleaseD3D12|x64 = ReleaseD3D12|x64
		ReleaseD3D12|x86 = ReleaseD3D12|x86
		ReleaseVK|x64 = ReleaseVK|x64
		ReleaseVK|x86 = ReleaseVK|x86
	EndGlobalSection
	GlobalSection(ProjectConfigurationPlatforms) = postSolution
		{3B602F0E-3834-4F73-B97D-7DFC91597A98}.Debug|x64.ActiveCfg = DebugD3D12|x64
		{3B602F0E-3834-4F73-B97D-7DFC91597A98}.Debug|x64.Build.0 = DebugD3D12|x64
		{3B602F0E-3834-4F73-B97D-7DFC91597A98}.Debug|x86.ActiveCfg = ReleaseD3D12|x64
		{3B602F0E-3834-4F73-B97D-7DFC91597A98}.Debug|x86.Build.0 = ReleaseD3D12|x64
		{3B602F0E-3834-4F73-B97D-7DFC91597A98}.DebugD3D12|x64.ActiveCfg = DebugD3D12|x64
		{3B602F0E-3834-4F73-B97D-7DFC91597A98}.DebugD3D12|x64.Build.0 = DebugD3D12|x64
		{3B602F0E-3834-4F73-B97D-7DFC91597A98}.DebugD3D12|x86.ActiveCfg = DebugD3D12|x64
		{3B602F0E-3834-4F73-B97D-7DFC91597A98}.DebugVK|x64.ActiveCfg = DebugVK|x64
		{3B602F0E-3834-4F73-B97D-7DFC91597A98}.DebugVK|x64.Build.0 = DebugVK|x64
		{3B602F0E-3834-4F73-B97D-7DFC91597A98}.DebugVK|x86.ActiveCfg = DebugVK|x64
		{3B602F0E-3834-4F73-B97D-7DFC91597A98}.Release|x64.ActiveCfg = ReleaseD3D12|x64
		{3B602F0E-3834-4F73-B97D-7DFC91597A98}.Release|x64.Build.0 = ReleaseD3D12|x64
		{3B602F0E-3834-4F73-B97D-7DFC91597A98}.Release|x86.ActiveCfg = ReleaseD3D12|x64
		{3B602F0E-3834-4F73-B97D-7DFC91597A98}.Release|x86.Build.0 = ReleaseD3D12|x64
		{3B602F0E-3834-4F73-B97D-7DFC91597A98}.ReleaseD3D12|x64.ActiveCfg = ReleaseD3D12|x64
		{3B602F0E-3834-4F73-B97D-7DFC91597A98}.ReleaseD3D12|x64.Build.0 = ReleaseD3D12|x64
		{3B602F0E-3834-4F73-B97D-7DFC91597A98}.ReleaseD3D12|x86.ActiveCfg = ReleaseD3D12|x64
		{3B602F0E-3834-4F73-B97D-7DFC91597A98}.ReleaseVK|x64.ActiveCfg = ReleaseVK|x64
		{3B602F0E-3834-4F73-B97D-7DFC91597A98}.ReleaseVK|x64.Build.0 = ReleaseVK|x64
		{3B602F0E-3834-4F73-B97D-7DFC91597A98}.ReleaseVK|x86.ActiveCfg = ReleaseVK|x64
		{2C535635-E4C5-4098-A928-574F0E7CD5F9}.Debug|x64.ActiveCfg = DebugD3D12|x64
		{2C535635-E4C5-4098-A928-574F0E7CD5F9}.Debug|x64.Build.0 = DebugD3D12|x64
		{2C535635-E4C5-4098-A928-574F0E7CD5F9}.Debug|x86.ActiveCfg = ReleaseD3D12|x64
		{2C535635-E4C5-4098-A928-574F0E7CD5F9}.Debug|x86.Build.0 = ReleaseD3D12|x64
		{2C535635-E4C5-4098-A928-574F0E7CD5F9}.DebugD3D12|x64.ActiveCfg = DebugD3D12|x64
		{2C535635-E4C5-4098-A928-574F0E7CD5F9}.DebugD3D12|x64.Build.0 = DebugD3D12|x64
		{2C535635-E4C5-4098-A928-574F0E7CD5F9}.DebugD3D12|x86.ActiveCfg = DebugD3D12|x64
		{2C535635-E4C5-4098-A928-574F0E7CD5F9}.DebugVK|x64.ActiveCfg = DebugVK|x64
		{2C535635-E4C5-4098-A928-574F0E7CD5F9}.DebugVK|x64.Build.0 = DebugVK|x64
		{2C535635-E4C5-4098-A928-574F0E7CD5F9}.DebugVK|x86.ActiveCfg = DebugVK|x64
		{2C535635-E4C5-4098-A928-574F0E7CD5F9}.Release|x64.ActiveCfg = ReleaseD3D12|x64
		{2C535635-E4C5-4098-A928-574F0E7CD5F9}.Release|x64.Build.0 = ReleaseD3D12|x64
		{2C535635-E4C5-4098-A928-574F0E7CD5F9}.Release|x86.ActiveCfg = ReleaseD3D12|x64
		{2C535635-E4C5-4098-A928-574F0E7CD5F9}.Release|x86.Build.0 = ReleaseD3D12|x64
		{2C535635-E4C5-4098-A928-574F0E7CD5F9}.ReleaseD3D12|x64.ActiveCfg = ReleaseD3D12|x64
		{2C535635-E4C5-4098-A928-574F0E7CD5F9}.ReleaseD3D12|x64.Build.0 = ReleaseD3D12|x64
		{2C535635-E4C5-4098-A928-574F0E7CD5F9}.ReleaseD3D12|x86.ActiveCfg = ReleaseD3D12|x64
		{2C535635-E4C5-4098-A928-574F0E7CD5F9}.ReleaseVK|x64.ActiveCfg = ReleaseVK|x64
		{2C535635-E4C5-4098-A928-574F0E7CD5F9}.ReleaseVK|x64.Build.0 = ReleaseVK|x64
		{2C535635-E4C5-4098-A928-574F0E7CD5F9}.ReleaseVK|x86.ActiveCfg = ReleaseVK|x64
		{3BF0E1D8-E647-49F5-BA52-C1561E0B8CAC}.Debug|x64.ActiveCfg = Debug|x64
		{3BF0E1D8-E647-49F5-BA52-C1561E0B8CAC}.Debug|x64.Build.0 = Debug|x64
		{3BF0E1D8-E647-49F5-BA52-C1561E0B8CAC}.Debug|x86.ActiveCfg = Debug|Win32
		{3BF0E1D8-E647-49F5-BA52-C1561E0B8CAC}.Debug|x86.Build.0 = Debug|Win32
		{3BF0E1D8-E647-49F5-BA52-C1561E0B8CAC}.DebugD3D12|x64.ActiveCfg = Debug|x64
		{3BF0E1D8-E647-49F5-BA52-C1561E0B8CAC}.DebugD3D12|x64.Build.0 = Debug|x64
		{3BF0E1D8-E647-49F5-BA52-C1561E0B8CAC}.DebugD3D12|x86.ActiveCfg = Debug|Win32
		{3BF0E1D8-E647-49F5-BA52-C1561E0B8CAC}.DebugD3D12|x86.Build.0 = Debug|Win32
		{3BF0E1D8-E647-49F5-BA52-C1561E0B8CAC}.DebugVK|x64.ActiveCfg = Debug|x64
		{3BF0E1D8-E647-49F5-BA52-C1561E0B8CAC}.DebugVK|x64.Build.0 = Debug|x64
		{3BF0E1D8-E647-49F5-BA52-C1561E0B8CAC}.DebugVK|x86.ActiveCfg = Debug|Win32
		{3BF0E1D8-E647-49F5-BA52-C1561E0B8CAC}.DebugVK|x86.Build.0 = Debug|Win32
		{3BF0E1D8-E647-49F5-BA52-C1561E0B8CAC}.Release|x64.ActiveCfg = Release|x64
		{3BF0E1D8-E647-49F5-BA52-C1561E0B8CAC}.Release|x64.Build.0 = Release|x64
		{3BF0E1D8-E647-49F5-BA52-C1561E0B8CAC}.Release|x86.ActiveCfg = Release|Win32
		{3BF0E1D8-E647-49F5-BA52-C1561E0B8CAC}.Release|x86.Build.0 = Release|Win32
		{3BF0E1D8-E647-49F5-BA52-C1561E0B8CAC}.ReleaseD3D12|x64.ActiveCfg = Release|x64
		{3BF0E1D8-E647-49F5-BA52-C1561E0B8CAC}.ReleaseD3D12|x64.Build.0 = Release|x64
		{3BF0E1D8-E647-49F5-BA52-C1561E0B8CAC}.ReleaseD3D12|x86.ActiveCfg = Release|Win32
		{3BF0E1D8-E647-49F5-BA52-C1561E0B8CAC}.ReleaseD3D12|x86.Build.0 = Release|Win32
		{3BF0E1D8-E647-49F5-BA52-C1561E0B8CAC}.ReleaseVK|x64.ActiveCfg = Release|x64
		{3BF0E1D8-E647-49F5-BA52-C1561E0B8CAC}.ReleaseVK|x64.Build.0 = Release|x64
		{3BF0E1D8-E647-49F5-BA52-C1561E0B8CAC}.ReleaseVK|x86.ActiveCfg = Release|Win32
		{3BF0E1D8-E647-49F5-BA52-C1561E0B8CAC}.ReleaseVK|x86.Build.0 = Release|Win32
	EndGlobalSection
	GlobalSection(SolutionProperties) = preSolution
		HideSolutionNode = FALSE
	EndGlobalSection
	GlobalSection(ExtensibilityGlobals) = postSolution
		SolutionGuid = {A615A8D8-68E1-4F96-B6ED-8DBA914506F0}
	EndGlobalSection
EndGlobal
